
Microsoft Visual Studio Solution File, Format Version 12.00
# Visual Studio for Mac
Project("{FAE04EC0-301F-11D3-BF4B-00C04F79EFBC}") = "Ultra_Unico_Only", "Ultra_Unico_Only.csproj", "{E5D1A223-E247-BB20-CC97-005ED2D70F24}"
EndProject
Global
	GlobalSection(SolutionConfigurationPlatforms) = preSolution
		Debug|Any CPU = Debug|Any CPU
		Release|Any CPU = Release|Any CPU
	EndGlobalSection
	GlobalSection(ProjectConfigurationPlatforms) = postSolution
		{E5D1A223-E247-BB20-CC97-005ED2D70F24}.Debug|Any CPU.ActiveCfg = Debug|Any CPU
		{E5D1A223-E247-BB20-CC97-005ED2D70F24}.Debug|Any CPU.Build.0 = Debug|Any CPU
		{E5D1A223-E247-BB20-CC97-005ED2D70F24}.Release|Any CPU.ActiveCfg = Release|Any CPU
		{E5D1A223-E247-BB20-CC97-005ED2D70F24}.Release|Any CPU.Build.0 = Release|Any CPU
	EndGlobalSection
	GlobalSection(SolutionProperties) = preSolution
		HideSolutionNode = FALSE
	EndGlobalSection
EndGlobal
